
Microsoft Visual Studio Solution File, Format Version 12.00
# Visual Studio 15
VisualStudioVersion = 15.0.27703.2026
MinimumVisualStudioVersion = 10.0.40219.1
Project("{FAE04EC0-301F-11D3-BF4B-00C04F79EFBC}") = "Window Switcher", "UI\Window Switcher.csproj", "{E8430EB2-F478-40C2-980C-2A115F51D7AB}"
EndProject
Global
	GlobalSection(SolutionConfigurationPlatforms) = preSolution
		Debug|Any CPU = Debug|Any CPU
		Release|Any CPU = Release|Any CPU
	EndGlobalSection
	GlobalSection(ProjectConfigurationPlatforms) = postSolution
		{E8430EB2-F478-40C2-980C-2A115F51D7AB}.Debug|Any CPU.ActiveCfg = Debug|Any CPU
		{E8430EB2-F478-40C2-980C-2A115F51D7AB}.Debug|Any CPU.Build.0 = Debug|Any CPU
		{E8430EB2-F478-40C2-980C-2A115F51D7AB}.Release|Any CPU.ActiveCfg = Release|Any CPU
		{E8430EB2-F478-40C2-980C-2A115F51D7AB}.Release|Any CPU.Build.0 = Release|Any CPU
	EndGlobalSection
	GlobalSection(SolutionProperties) = preSolution
		HideSolutionNode = FALSE
	EndGlobalSection
	GlobalSection(ExtensibilityGlobals) = postSolution
		SolutionGuid = {5DC4D049-54B0-46D5-8766-8E8940890759}
	EndGlobalSection
EndGlobal
